
Microsoft Visual Studio Solution File, Format Version 12.00
# Visual Studio Version 16
VisualStudioVersion = 16.0.33214.272
MinimumVisualStudioVersion = 10.0.40219.1
Project("{FAE04EC0-301F-11D3-BF4B-00C04F79EFBC}") = "MonopolyBoardGame", "MonopolyBoardGame\MonopolyBoardGame.csproj", "{6E8EB0AB-51B4-4970-860A-9A618687D58B}"
EndProject
Global
	GlobalSection(SolutionConfigurationPlatforms) = preSolution
		Debug|Any CPU = Debug|Any CPU
		Release|Any CPU = Release|Any CPU
	EndGlobalSection
	GlobalSection(ProjectConfigurationPlatforms) = postSolution
		{6E8EB0AB-51B4-4970-860A-9A618687D58B}.Debug|Any CPU.ActiveCfg = Debug|Any CPU
		{6E8EB0AB-51B4-4970-860A-9A618687D58B}.Debug|Any CPU.Build.0 = Debug|Any CPU
		{6E8EB0AB-51B4-4970-860A-9A618687D58B}.Release|Any CPU.ActiveCfg = Release|Any CPU
		{6E8EB0AB-51B4-4970-860A-9A618687D58B}.Release|Any CPU.Build.0 = Release|Any CPU
	EndGlobalSection
	GlobalSection(SolutionProperties) = preSolution
		HideSolutionNode = FALSE
	EndGlobalSection
	GlobalSection(ExtensibilityGlobals) = postSolution
		SolutionGuid = {681478E6-5A6D-4A3E-AE17-2EBEF67CB212}
	EndGlobalSection
EndGlobal
